
Microsoft Visual Studio Solution File, Format Version 12.00
# Visual Studio Version 17
VisualStudioVersion = 17.3.32825.248
MinimumVisualStudioVersion = 10.0.40219.1
Project("{FAE04EC0-301F-11D3-BF4B-00C04F79EFBC}") = "GeneralUtilsLib", "GeneralUtilsLib\GeneralUtilsLib.csproj", "{EB184B14-6151-4268-9B2D-8555C6C9453D}"
EndProject
Project("{FAE04EC0-301F-11D3-BF4B-00C04F79EFBC}") = "GeneralUtilsLibTests", "GeneralUtilsLibTests\GeneralUtilsLibTests.csproj", "{924AFD36-7344-450A-8965-B76347D6CFE9}"
EndProject
Global
	GlobalSection(SolutionConfigurationPlatforms) = preSolution
		Debug|Any CPU = Debug|Any CPU
		Release|Any CPU = Release|Any CPU
	EndGlobalSection
	GlobalSection(ProjectConfigurationPlatforms) = postSolution
		{EB184B14-6151-4268-9B2D-8555C6C9453D}.Debug|Any CPU.ActiveCfg = Debug|Any CPU
		{EB184B14-6151-4268-9B2D-8555C6C9453D}.Debug|Any CPU.Build.0 = Debug|Any CPU
		{EB184B14-6151-4268-9B2D-8555C6C9453D}.Release|Any CPU.ActiveCfg = Release|Any CPU
		{EB184B14-6151-4268-9B2D-8555C6C9453D}.Release|Any CPU.Build.0 = Release|Any CPU
		{924AFD36-7344-450A-8965-B76347D6CFE9}.Debug|Any CPU.ActiveCfg = Debug|Any CPU
		{924AFD36-7344-450A-8965-B76347D6CFE9}.Debug|Any CPU.Build.0 = Debug|Any CPU
		{924AFD36-7344-450A-8965-B76347D6CFE9}.Release|Any CPU.ActiveCfg = Release|Any CPU
		{924AFD36-7344-450A-8965-B76347D6CFE9}.Release|Any CPU.Build.0 = Release|Any CPU
	EndGlobalSection
	GlobalSection(SolutionProperties) = preSolution
		HideSolutionNode = FALSE
	EndGlobalSection
	GlobalSection(ExtensibilityGlobals) = postSolution
		SolutionGuid = {FC27373E-128E-4B8C-94BF-04110DABC5B6}
	EndGlobalSection
EndGlobal
